{
    "cboden/ratchet": {
        "version": "v0.4.3"
    },
    "doctrine/data-fixtures": {
        "version": "1.5.0"
    },
    "doctrine/deprecations": {
        "version": "v0.5.3"
    },
    "doctrine/doctrine-fixtures-bundle": {
        "version": "3.0",
        "recipe": {
            "repo": "github.com/symfony/recipes",
            "branch": "master",
            "version": "3.0",
            "ref": "e5b542d4ef47d8a003c91beb35650c76907f7e53"
        },
        "files": [
            "./src/DataFixtures/AppFixtures.php"
        ]
    },
    "evenement/evenement": {
        "version": "v3.0.1"
    },
    "friendsofsymfony/ckeditor-bundle": {
        "version": "2.0",
        "recipe": {
            "repo": "github.com/symfony/recipes-contrib",
            "branch": "master",
            "version": "2.0",
            "ref": "8eb1cd0962ded6a6d6e1e5a9b6d3e888f9f94ff6"
        },
        "files": [
            "./config/packages/fos_ckeditor.yaml"
        ]
    },
    "guzzlehttp/psr7": {
        "version": "1.8.2"
    },
    "jms/metadata": {
        "version": "2.5.0"
    },
    "php": {
        "version": "7.3"
    },
    "php-http/discovery": {
        "version": "1.13.0"
    },
    "php-http/httplug": {
        "version": "2.2.0"
    },
    "php-http/promise": {
        "version": "1.1.0"
    },
    "php-translation/translator": {
        "version": "1.2.0"
    },
    "psr/http-client": {
        "version": "1.0.1"
    },
    "psr/http-message": {
        "version": "1.0.1"
    },
    "ralouphie/getallheaders": {
        "version": "3.0.3"
    },
    "ratchet/rfc6455": {
        "version": "v0.3"
    },
    "react/cache": {
        "version": "v1.1.1"
    },
    "react/dns": {
        "version": "v1.5.0"
    },
    "react/event-loop": {
        "version": "v1.1.1"
    },
    "react/promise": {
        "version": "v2.8.0"
    },
    "react/promise-timer": {
        "version": "v1.6.0"
    },
    "react/socket": {
        "version": "v1.6.0"
    },
    "react/stream": {
        "version": "v1.1.1"
    },
    "symfony/polyfill-intl-grapheme": {
        "version": "v1.22.1"
    },
    "symfony/string": {
        "version": "v5.2.8"
    },
    "vich/uploader-bundle": {
        "version": "1.5",
        "recipe": {
            "repo": "github.com/symfony/recipes-contrib",
            "branch": "master",
            "version": "1.5",
            "ref": "c4f5755b37fb65b9c6a3cbdae91205c15a137ed4"
        },
        "files": [
            "./config/packages/vich_uploader.yaml"
        ]
    }
}
